[[tools."cargo:https://github.com/roberth/mdbook-cmdrun"]]
version = "rev:3947c797d063352e0f983311c078430215cc1cca"
backend = "cargo:https://github.com/roberth/mdbook-cmdrun"

[[tools."cargo:https://github.com/roberth/mdbook-cmdrun"]]
version = "ref:3947c797d063352e0f983311c078430215cc1cca"
backend = "cargo:https://github.com/roberth/mdbook-cmdrun"

[[tools."cargo:mdbook-gitinfo"]]
version = "2.0.0"
backend = "cargo:mdbook-gitinfo"

[[tools."github:rust-lang/mdbook"]]
version = "0.5.2"
backend = "github:rust-lang/mdbook"
"platforms.linux-arm64" = { checksum = "sha256:fb229bfdc68dd6c93692e64c502a67a8d3d2fc35c37c61fc72768843e6476add", url = "https://github.com/rust-lang/mdBook/releases/download/v0.5.2/mdbook-v0.5.2-aarch64-unknown-linux-musl.tar.gz", url_api = "https://api.github.com/repos/rust-lang/mdBook/releases/assets/327544966"}
"platforms.linux-x64" = { checksum = "sha256:084e4342ba564db270108763e404a7d1f309d932651a22484e93c0dc1a071f6d", url = "https://github.com/rust-lang/mdBook/releases/download/v0.5.2/mdbook-v0.5.2-x86_64-unknown-linux-gnu.tar.gz", url_api = "https://api.github.com/repos/rust-lang/mdBook/releases/assets/327544800"}
"platforms.macos-arm64" = { checksum = "sha256:da2f55653e96e3f6e1c53e2e13e91cc0cfbce8ab971c2e0de792c0f1f8d24222", url = "https://github.com/rust-lang/mdBook/releases/download/v0.5.2/mdbook-v0.5.2-aarch64-apple-darwin.tar.gz", url_api = "https://api.github.com/repos/rust-lang/mdBook/releases/assets/327545125"}
"platforms.macos-x64" = { checksum = "sha256:17cc64478ec279a73881420e850bd8f9d460552e56b50159ff465bc97eb90d6c", url = "https://github.com/rust-lang/mdBook/releases/download/v0.5.2/mdbook-v0.5.2-x86_64-apple-darwin.tar.gz", url_api = "https://api.github.com/repos/rust-lang/mdBook/releases/assets/327545156"}
"platforms.windows-x64" = { checksum = "sha256:e78fa1159bfc381d03f9c6659c48c883706497dc63c9153007a8a4c8df8da166", url = "https://github.com/rust-lang/mdBook/releases/download/v0.5.2/mdbook-v0.5.2-x86_64-pc-windows-msvc.zip", url_api = "https://api.github.com/repos/rust-lang/mdBook/releases/assets/327545231"}

[[tools.jq]]
version = "1.8.1"
backend = "aqua:jqlang/jq"
"platforms.linux-arm64" = { checksum = "sha256:6bc62f25981328edd3cfcfe6fe51b073f2d7e7710d7ef7fcdac28d4e384fc3d4", url = "https://github.com/jqlang/jq/releases/download/jq-1.8.1/jq-linux-arm64"}
"platforms.linux-x64" = { checksum = "sha256:020468de7539ce70ef1bceaf7cde2e8c4f2ca6c3afb84642aabc5c97d9fc2a0d", url = "https://github.com/jqlang/jq/releases/download/jq-1.8.1/jq-linux-amd64"}
"platforms.macos-arm64" = { checksum = "sha256:a9fe3ea2f86dfc72f6728417521ec9067b343277152b114f4e98d8cb0e263603", url = "https://github.com/jqlang/jq/releases/download/jq-1.8.1/jq-macos-arm64"}
"platforms.macos-x64" = { checksum = "sha256:e80dbe0d2a2597e3c11c404f03337b981d74b4a8504b70586c354b7697a7c27f", url = "https://github.com/jqlang/jq/releases/download/jq-1.8.1/jq-macos-amd64"}
"platforms.windows-x64" = { checksum = "sha256:23cb60a1354eed6bcc8d9b9735e8c7b388cd1fdcb75726b93bc299ef22dd9334", url = "https://github.com/jqlang/jq/releases/download/jq-1.8.1/jq-windows-amd64.exe"}

[[tools."npm:@dbml/cli"]]
version = "5.5.1"
backend = "npm:@dbml/cli"

[[tools."npm:@softwaretechnik/dbml-renderer"]]
version = "1.0.31"
backend = "npm:@softwaretechnik/dbml-renderer"

[[tools.rust]]
version = "1.93.0"
backend = "core:rust"
